
Microsoft Visual Studio Solution File, Format Version 12.00
# Visual Studio 15
VisualStudioVersion = 15.0.26430.14
MinimumVisualStudioVersion = 10.0.40219.1
Project("{FAE04EC0-301F-11D3-BF4B-00C04F79EFBC}") = "01. Library", "01. Library\01. Library.csproj", "{E02BD85E-FDC5-4D8F-A93A-C7AB1B40E4D9}"
EndProject
Project("{FAE04EC0-301F-11D3-BF4B-00C04F79EFBC}") = "02. Library Iterator", "02. Library Iterator\02. Library Iterator.csproj", "{7975DA11-4CB2-4925-9D49-56FF1AA4EED4}"
EndProject
Project("{FAE04EC0-301F-11D3-BF4B-00C04F79EFBC}") = "03. Comparable Book", "03. Comparable Book\03. Comparable Book.csproj", "{AA454E1A-E664-4EB8-B920-55012FD5A10D}"
EndProject
Project("{FAE04EC0-301F-11D3-BF4B-00C04F79EFBC}") = "04. Book Comparator", "04. Book Comparator\04. Book Comparator.csproj", "{FA8B1869-BD62-4E0B-AAE5-8F8C639D30B1}"
EndProject
Global
	GlobalSection(SolutionConfigurationPlatforms) = preSolution
		Debug|Any CPU = Debug|Any CPU
		Release|Any CPU = Release|Any CPU
	EndGlobalSection
	GlobalSection(ProjectConfigurationPlatforms) = postSolution
		{E02BD85E-FDC5-4D8F-A93A-C7AB1B40E4D9}.Debug|Any CPU.ActiveCfg = Debug|Any CPU
		{E02BD85E-FDC5-4D8F-A93A-C7AB1B40E4D9}.Debug|Any CPU.Build.0 = Debug|Any CPU
		{E02BD85E-FDC5-4D8F-A93A-C7AB1B40E4D9}.Release|Any CPU.ActiveCfg = Release|Any CPU
		{E02BD85E-FDC5-4D8F-A93A-C7AB1B40E4D9}.Release|Any CPU.Build.0 = Release|Any CPU
		{7975DA11-4CB2-4925-9D49-56FF1AA4EED4}.Debug|Any CPU.ActiveCfg = Debug|Any CPU
		{7975DA11-4CB2-4925-9D49-56FF1AA4EED4}.Debug|Any CPU.Build.0 = Debug|Any CPU
		{7975DA11-4CB2-4925-9D49-56FF1AA4EED4}.Release|Any CPU.ActiveCfg = Release|Any CPU
		{7975DA11-4CB2-4925-9D49-56FF1AA4EED4}.Release|Any CPU.Build.0 = Release|Any CPU
		{AA454E1A-E664-4EB8-B920-55012FD5A10D}.Debug|Any CPU.ActiveCfg = Debug|Any CPU
		{AA454E1A-E664-4EB8-B920-55012FD5A10D}.Debug|Any CPU.Build.0 = Debug|Any CPU
		{AA454E1A-E664-4EB8-B920-55012FD5A10D}.Release|Any CPU.ActiveCfg = Release|Any CPU
		{AA454E1A-E664-4EB8-B920-55012FD5A10D}.Release|Any CPU.Build.0 = Release|Any CPU
		{FA8B1869-BD62-4E0B-AAE5-8F8C639D30B1}.Debug|Any CPU.ActiveCfg = Debug|Any CPU
		{FA8B1869-BD62-4E0B-AAE5-8F8C639D30B1}.Debug|Any CPU.Build.0 = Debug|Any CPU
		{FA8B1869-BD62-4E0B-AAE5-8F8C639D30B1}.Release|Any CPU.ActiveCfg = Release|Any CPU
		{FA8B1869-BD62-4E0B-AAE5-8F8C639D30B1}.Release|Any CPU.Build.0 = Release|Any CPU
	EndGlobalSection
	GlobalSection(SolutionProperties) = preSolution
		HideSolutionNode = FALSE
	EndGlobalSection
EndGlobal
